<?xml version="1.0" encoding="utf-8"?>
<Project ToolsVersion="4.0" xmlns="http://schemas.microsoft.com/developer/msbuild/2003">
  <ItemGroup>
    <Filter Include="src">
      <UniqueIdentifier>{b8410e50-6694-4280-8743-961eafa0c139}</UniqueIdentifier>
    </Filter>
    <Filter Include="include">
      <UniqueIdentifier>{394619e0-c382-4a1f-9415-d431855bc7cc}</UniqueIdentifier>
    </Filter>
    <Filter Include="magisk">
      <UniqueIdentifier>{7bc29a2c-778b-4ad1-b6f9-658ee6e8fdcc}</UniqueIdentifier>
    </Filter>
  </ItemGroup>
  <ItemGroup>
    <None Include="cpp.hint" />
    <None Include="build_pack.ps1" />
    <None Include="magisk\customize.sh">
      <Filter>magisk</Filter>
    </None>
    <None Include="magisk\module.prop">
      <Filter>magisk</Filter>
    </None>
    <None Include="magisk\service.sh">
      <Filter>magisk</Filter>
    </None>
    <None Include="magisk\system.prop">
      <Filter>magisk</Filter>
    </None>
    <None Include="magisk\uninstall.sh">
      <Filter>magisk</Filter>
    </None>
    <None Include="build_ARM64.ps1" />
    <None Include="build_X64.ps1" />
    <None Include="README.md" />
  </ItemGroup>
  <ItemGroup>
    <Text Include="changelog.txt" />
    <Text Include="changelogFull.txt" />
    <Text Include="magisk\appcfg.txt">
      <Filter>magisk</Filter>
    </Text>
    <Text Include="magisk\applabel.txt">
      <Filter>magisk</Filter>
    </Text>
    <Text Include="magisk\changelog.txt">
      <Filter>magisk</Filter>
    </Text>
  </ItemGroup>
  <ItemGroup>
    <ClCompile Include="src\main.cpp">
      <Filter>src</Filter>
    </ClCompile>
  </ItemGroup>
  <ItemGroup>
    <ClInclude Include="include\doze.hpp">
      <Filter>include</Filter>
    </ClInclude>
    <ClInclude Include="include\freezeit.hpp">
      <Filter>include</Filter>
    </ClInclude>
    <ClInclude Include="include\freezer.hpp">
      <Filter>include</Filter>
    </ClInclude>
    <ClInclude Include="include\managedApp.hpp">
      <Filter>include</Filter>
    </ClInclude>
    <ClInclude Include="include\server.hpp">
      <Filter>include</Filter>
    </ClInclude>
    <ClInclude Include="include\settings.hpp">
      <Filter>include</Filter>
    </ClInclude>
    <ClInclude Include="include\systemTools.hpp">
      <Filter>include</Filter>
    </ClInclude>
    <ClInclude Include="include\utils.hpp">
      <Filter>include</Filter>
    </ClInclude>
    <ClInclude Include="include\vpopen.hpp">
      <Filter>include</Filter>
    </ClInclude>
  </ItemGroup>
</Project>